// !$*UTF8*$!
{
	archiveVersion = 1;
	classes = {
	};
	objectVersion = 46;
	objects = {

/* Begin PBXBuildFile section */
		3301D3E91D4E40F600E74562 /* AppDelegate.swift in Sources */ = {isa = PBXBuildFile; fileRef = 3301D3E81D4E40F600E74562 /* AppDelegate.swift */; };
		3301D3EB1D4E40F600E74562 /* ViewController.swift in Sources */ = {isa = PBXBuildFile; fileRef = 3301D3EA1D4E40F600E74562 /* ViewController.swift */; };
		3301D3EE1D4E40F600E74562 /* Main.storyboard in Resources */ = {isa = PBXBuildFile; fileRef = 3301D3EC1D4E40F600E74562 /* Main.storyboard */; };
		3301D3F11D4E40F600E74562 /* ioslibs.xcdatamodeld in Sources */ = {isa = PBXBuildFile; fileRef = 3301D3EF1D4E40F600E74562 /* ioslibs.xcdatamodeld */; };
		3301D3F31D4E40F600E74562 /* Assets.xcassets in Resources */ = {isa = PBXBuildFile; fileRef = 3301D3F21D4E40F600E74562 /* Assets.xcassets */; };
		3301D3F61D4E40F600E74562 /* LaunchScreen.storyboard in Resources */ = {isa = PBXBuildFile; fileRef = 3301D3F41D4E40F600E74562 /* LaunchScreen.storyboard */; };
		3301D4011D4E40F700E74562 /* ioslibsTests.swift in Sources */ = {isa = PBXBuildFile; fileRef = 3301D4001D4E40F700E74562 /* ioslibsTests.swift */; };
		3301D40C1D4E40F700E74562 /* ioslibsUITests.swift in Sources */ = {isa = PBXBuildFile; fileRef = 3301D40B1D4E40F700E74562 /* ioslibsUITests.swift */; };
		3301D41C1D4E415E00E74562 /* DateTimeHandle.swift in Sources */ = {isa = PBXBuildFile; fileRef = 3301D41A1D4E415E00E74562 /* DateTimeHandle.swift */; };
		3301D41D1D4E415E00E74562 /* MoneyHandle.swift in Sources */ = {isa = PBXBuildFile; fileRef = 3301D41B1D4E415E00E74562 /* MoneyHandle.swift */; };
		331BE0BD1E12B12300D69C88 /* ColorHelper.swift in Sources */ = {isa = PBXBuildFile; fileRef = 331BE0BC1E12B12300D69C88 /* ColorHelper.swift */; };
		334A4FCB1D68303C007A7306 /* GuideViewController.swift in Sources */ = {isa = PBXBuildFile; fileRef = 334A4FCA1D68303C007A7306 /* GuideViewController.swift */; };
		3359F0151E5C8A66000E8233 /* StringHandle.swift in Sources */ = {isa = PBXBuildFile; fileRef = 3359F0141E5C8A66000E8233 /* StringHandle.swift */; };
/* End PBXBuildFile section */

/* Begin PBXContainerItemProxy section */
		3301D3FD1D4E40F700E74562 /* PBXContainerItemProxy */ = {
			isa = PBXContainerItemProxy;
			containerPortal = 3301D3DD1D4E40F600E74562 /* Project object */;
			proxyType = 1;
			remoteGlobalIDString = 3301D3E41D4E40F600E74562;
			remoteInfo = ioslibs;
		};
		3301D4081D4E40F700E74562 /* PBXContainerItemProxy */ = {
			isa = PBXContainerItemProxy;
			containerPortal = 3301D3DD1D4E40F600E74562 /* Project object */;
			proxyType = 1;
			remoteGlobalIDString = 3301D3E41D4E40F600E74562;
			remoteInfo = ioslibs;
		};
/* End PBXContainerItemProxy section */

/* Begin PBXFileReference section */
		3301D3E51D4E40F600E74562 /* ioslibs.app */ = {isa = PBXFileReference; explicitFileType = wrapper.application; includeInIndex = 0; path = ioslibs.app; sourceTree = BUILT_PRODUCTS_DIR; };
		3301D3E81D4E40F600E74562 /* AppDelegate.swift */ = {isa = PBXFileReference; lastKnownFileType = sourcecode.swift; path = AppDelegate.swift; sourceTree = "<group>"; };
		3301D3EA1D4E40F600E74562 /* ViewController.swift */ = {isa = PBXFileReference; lastKnownFileType = sourcecode.swift; path = ViewController.swift; sourceTree = "<group>"; };
		3301D3ED1D4E40F600E74562 /* Base */ = {isa = PBXFileReference; lastKnownFileType = file.storyboard; name = Base; path = Base.lproj/Main.storyboard; sourceTree = "<group>"; };
		3301D3F01D4E40F600E74562 /* ioslibs.xcdatamodel */ = {isa = PBXFileReference; lastKnownFileType = wrapper.xcdatamodel; path = ioslibs.xcdatamodel; sourceTree = "<group>"; };
		3301D3F21D4E40F600E74562 /* Assets.xcassets */ = {isa = PBXFileReference; lastKnownFileType = folder.assetcatalog; path = Assets.xcassets; sourceTree = "<group>"; };
		3301D3F51D4E40F600E74562 /* Base */ = {isa = PBXFileReference; lastKnownFileType = file.storyboard; name = Base; path = Base.lproj/LaunchScreen.storyboard; sourceTree = "<group>"; };
		3301D3F71D4E40F600E74562 /* Info.plist */ = {isa = PBXFileReference; lastKnownFileType = text.plist.xml; path = Info.plist; sourceTree = "<group>"; };
		3301D3FC1D4E40F700E74562 /* ioslibsTests.xctest */ = {isa = PBXFileReference; explicitFileType = wrapper.cfbundle; includeInIndex = 0; path = ioslibsTests.xctest; sourceTree = BUILT_PRODUCTS_DIR; };
		3301D4001D4E40F700E74562 /* ioslibsTests.swift */ = {isa = PBXFileReference; lastKnownFileType = sourcecode.swift; path = ioslibsTests.swift; sourceTree = "<group>"; };
		3301D4021D4E40F700E74562 /* Info.plist */ = {isa = PBXFileReference; lastKnownFileType = text.plist.xml; path = Info.plist; sourceTree = "<group>"; };
		3301D4071D4E40F700E74562 /* ioslibsUITests.xctest */ = {isa = PBXFileReference; explicitFileType = wrapper.cfbundle; includeInIndex = 0; path = ioslibsUITests.xctest; sourceTree = BUILT_PRODUCTS_DIR; };
		3301D40B1D4E40F700E74562 /* ioslibsUITests.swift */ = {isa = PBXFileReference; lastKnownFileType = sourcecode.swift; path = ioslibsUITests.swift; sourceTree = "<group>"; };
		3301D40D1D4E40F700E74562 /* Info.plist */ = {isa = PBXFileReference; lastKnownFileType = text.plist.xml; path = Info.plist; sourceTree = "<group>"; };
		3301D41A1D4E415E00E74562 /* DateTimeHandle.swift */ = {isa = PBXFileReference; fileEncoding = 4; lastKnownFileType = sourcecode.swift; name = DateTimeHandle.swift; path = libs/DateTimeHandle.swift; sourceTree = "<group>"; };
		3301D41B1D4E415E00E74562 /* MoneyHandle.swift */ = {isa = PBXFileReference; fileEncoding = 4; lastKnownFileType = sourcecode.swift; name = MoneyHandle.swift; path = libs/MoneyHandle.swift; sourceTree = "<group>"; };
		331BE0BC1E12B12300D69C88 /* ColorHelper.swift */ = {isa = PBXFileReference; fileEncoding = 4; lastKnownFileType = sourcecode.swift; path = ColorHelper.swift; sourceTree = "<group>"; };
		334A4FCA1D68303C007A7306 /* GuideViewController.swift */ = {isa = PBXFileReference; fileEncoding = 4; lastKnownFileType = sourcecode.swift; name = GuideViewController.swift; path = libs/GuideViewController.swift; sourceTree = "<group>"; };
		3359F0141E5C8A66000E8233 /* StringHandle.swift */ = {isa = PBXFileReference; fileEncoding = 4; lastKnownFileType = sourcecode.swift; path = StringHandle.swift; sourceTree = "<group>"; };
/* End PBXFileReference section */

/* Begin PBXFrameworksBuildPhase section */
		3301D3E21D4E40F600E74562 /* Frameworks */ = {
			isa = PBXFrameworksBuildPhase;
			buildActionMask = 2147483647;
			files = (
			);
			runOnlyForDeploymentPostprocessing = 0;
		};
		3301D3F91D4E40F700E74562 /* Frameworks */ = {
			isa = PBXFrameworksBuildPhase;
			buildActionMask = 2147483647;
			files = (
			);
			runOnlyForDeploymentPostprocessing = 0;
		};
		3301D4041D4E40F700E74562 /* Frameworks */ = {
			isa = PBXFrameworksBuildPhase;
			buildActionMask = 2147483647;
			files = (
			);
			runOnlyForDeploymentPostprocessing = 0;
		};
/* End PBXFrameworksBuildPhase section */

/* Begin PBXGroup section */
		3301D3DC1D4E40F600E74562 = {
			isa = PBXGroup;
			children = (
				3301D3E71D4E40F600E74562 /* ioslibs */,
				3301D3FF1D4E40F700E74562 /* ioslibsTests */,
				3301D40A1D4E40F700E74562 /* ioslibsUITests */,
				3301D3E61D4E40F600E74562 /* Products */,
			);
			sourceTree = "<group>";
		};
		3301D3E61D4E40F600E74562 /* Products */ = {
			isa = PBXGroup;
			children = (
				3301D3E51D4E40F600E74562 /* ioslibs.app */,
				3301D3FC1D4E40F700E74562 /* ioslibsTests.xctest */,
				3301D4071D4E40F700E74562 /* ioslibsUITests.xctest */,
			);
			name = Products;
			sourceTree = "<group>";
		};
		3301D3E71D4E40F600E74562 /* ioslibs */ = {
			isa = PBXGroup;
			children = (
				3301D4191D4E411600E74562 /* libs */,
				3301D3E81D4E40F600E74562 /* AppDelegate.swift */,
				3301D3EA1D4E40F600E74562 /* ViewController.swift */,
				3301D3EC1D4E40F600E74562 /* Main.storyboard */,
				3301D3F21D4E40F600E74562 /* Assets.xcassets */,
				3301D3F41D4E40F600E74562 /* LaunchScreen.storyboard */,
				3301D3F71D4E40F600E74562 /* Info.plist */,
				3301D3EF1D4E40F600E74562 /* ioslibs.xcdatamodeld */,
			);
			path = ioslibs;
			sourceTree = "<group>";
		};
		3301D3FF1D4E40F700E74562 /* ioslibsTests */ = {
			isa = PBXGroup;
			children = (
				3301D4001D4E40F700E74562 /* ioslibsTests.swift */,
				3301D4021D4E40F700E74562 /* Info.plist */,
			);
			path = ioslibsTests;
			sourceTree = "<group>";
		};
		3301D40A1D4E40F700E74562 /* ioslibsUITests */ = {
			isa = PBXGroup;
			children = (
				3301D40B1D4E40F700E74562 /* ioslibsUITests.swift */,
				3301D40D1D4E40F700E74562 /* Info.plist */,
			);
			path = ioslibsUITests;
			sourceTree = "<group>";
		};
		3301D4191D4E411600E74562 /* libs */ = {
			isa = PBXGroup;
			children = (
				3359F0141E5C8A66000E8233 /* StringHandle.swift */,
				331BE0BC1E12B12300D69C88 /* ColorHelper.swift */,
				334A4FCA1D68303C007A7306 /* GuideViewController.swift */,
				3301D41A1D4E415E00E74562 /* DateTimeHandle.swift */,
				3301D41B1D4E415E00E74562 /* MoneyHandle.swift */,
			);
			name = libs;
			sourceTree = "<group>";
		};
/* End PBXGroup section */

/* Begin PBXNativeTarget section */
		3301D3E41D4E40F600E74562 /* ioslibs */ = {
			isa = PBXNativeTarget;
			buildConfigurationList = 3301D4101D4E40F700E74562 /* Build configuration list for PBXNativeTarget "ioslibs" */;
			buildPhases = (
				3301D3E11D4E40F600E74562 /* Sources */,
				3301D3E21D4E40F600E74562 /* Frameworks */,
				3301D3E31D4E40F600E74562 /* Resources */,
			);
			buildRules = (
			);
			dependencies = (
			);
			name = ioslibs;
			productName = ioslibs;
			productReference = 3301D3E51D4E40F600E74562 /* ioslibs.app */;
			productType = "com.apple.product-type.application";
		};
		3301D3FB1D4E40F700E74562 /* ioslibsTests */ = {
			isa = PBXNativeTarget;
			buildConfigurationList = 3301D4131D4E40F700E74562 /* Build configuration list for PBXNativeTarget "ioslibsTests" */;
			buildPhases = (
				3301D3F81D4E40F700E74562 /* Sources */,
				3301D3F91D4E40F700E74562 /* Frameworks */,
				3301D3FA1D4E40F700E74562 /* Resources */,
			);
			buildRules = (
			);
			dependencies = (
				3301D3FE1D4E40F700E74562 /* PBXTargetDependency */,
			);
			name = ioslibsTests;
			productName = ioslibsTests;
			productReference = 3301D3FC1D4E40F700E74562 /* ioslibsTests.xctest */;
			productType = "com.apple.product-type.bundle.unit-test";
		};
		3301D4061D4E40F700E74562 /* ioslibsUITests */ = {
			isa = PBXNativeTarget;
			buildConfigurationList = 3301D4161D4E40F700E74562 /* Build configuration list for PBXNativeTarget "ioslibsUITests" */;
			buildPhases = (
				3301D4031D4E40F700E74562 /* Sources */,
				3301D4041D4E40F700E74562 /* Frameworks */,
				3301D4051D4E40F700E74562 /* Resources */,
			);
			buildRules = (
			);
			dependencies = (
				3301D4091D4E40F700E74562 /* PBXTargetDependency */,
			);
			name = ioslibsUITests;
			productName = ioslibsUITests;
			productReference = 3301D4071D4E40F700E74562 /* ioslibsUITests.xctest */;
			productType = "com.apple.product-type.bundle.ui-testing";
		};
/* End PBXNativeTarget section */

/* Begin PBXProject section */
		3301D3DD1D4E40F600E74562 /* Project object */ = {
			isa = PBXProject;
			attributes = {
				LastSwiftUpdateCheck = 0730;
				LastUpgradeCheck = 0820;
				ORGANIZATIONNAME = xxing;
				TargetAttributes = {
					3301D3E41D4E40F600E74562 = {
						CreatedOnToolsVersion = 7.3.1;
						DevelopmentTeam = TDRR5DBJN7;
						LastSwiftMigration = 0820;
					};
					3301D3FB1D4E40F700E74562 = {
						CreatedOnToolsVersion = 7.3.1;
						LastSwiftMigration = 0820;
						TestTargetID = 3301D3E41D4E40F600E74562;
					};
					3301D4061D4E40F700E74562 = {
						CreatedOnToolsVersion = 7.3.1;
						LastSwiftMigration = 0820;
						TestTargetID = 3301D3E41D4E40F600E74562;
					};
				};
			};
			buildConfigurationList = 3301D3E01D4E40F600E74562 /* Build configuration list for PBXProject "ioslibs" */;
			compatibilityVersion = "Xcode 3.2";
			developmentRegion = English;
			hasScannedForEncodings = 0;
			knownRegions = (
				en,
				Base,
			);
			mainGroup = 3301D3DC1D4E40F600E74562;
			productRefGroup = 3301D3E61D4E40F600E74562 /* Products */;
			projectDirPath = "";
			projectRoot = "";
			targets = (
				3301D3E41D4E40F600E74562 /* ioslibs */,
				3301D3FB1D4E40F700E74562 /* ioslibsTests */,
				3301D4061D4E40F700E74562 /* ioslibsUITests */,
			);
		};
/* End PBXProject section */

/* Begin PBXResourcesBuildPhase section */
		3301D3E31D4E40F600E74562 /* Resources */ = {
			isa = PBXResourcesBuildPhase;
			buildActionMask = 2147483647;
			files = (
				3301D3F61D4E40F600E74562 /* LaunchScreen.storyboard in Resources */,
				3301D3F31D4E40F600E74562 /* Assets.xcassets in Resources */,
				3301D3EE1D4E40F600E74562 /* Main.storyboard in Resources */,
			);
			runOnlyForDeploymentPostprocessing = 0;
		};
		3301D3FA1D4E40F700E74562 /* Resources */ = {
			isa = PBXResourcesBuildPhase;
			buildActionMask = 2147483647;
			files = (
			);
			runOnlyForDeploymentPostprocessing = 0;
		};
		3301D4051D4E40F700E74562 /* Resources */ = {
			isa = PBXResourcesBuildPhase;
			buildActionMask = 2147483647;
			files = (
			);
			runOnlyForDeploymentPostprocessing = 0;
		};
/* End PBXResourcesBuildPhase section */

/* Begin PBXSourcesBuildPhase section */
		3301D3E11D4E40F600E74562 /* Sources */ = {
			isa = PBXSourcesBuildPhase;
			buildActionMask = 2147483647;
			files = (
				3359F0151E5C8A66000E8233 /* StringHandle.swift in Sources */,
				3301D41D1D4E415E00E74562 /* MoneyHandle.swift in Sources */,
				3301D41C1D4E415E00E74562 /* DateTimeHandle.swift in Sources */,
				3301D3EB1D4E40F600E74562 /* ViewController.swift in Sources */,
				3301D3E91D4E40F600E74562 /* AppDelegate.swift in Sources */,
				3301D3F11D4E40F600E74562 /* ioslibs.xcdatamodeld in Sources */,
				331BE0BD1E12B12300D69C88 /* ColorHelper.swift in Sources */,
				334A4FCB1D68303C007A7306 /* GuideViewController.swift in Sources */,
			);
			runOnlyForDeploymentPostprocessing = 0;
		};
		3301D3F81D4E40F700E74562 /* Sources */ = {
			isa = PBXSourcesBuildPhase;
			buildActionMask = 2147483647;
			files = (
				3301D4011D4E40F700E74562 /* ioslibsTests.swift in Sources */,
			);
			runOnlyForDeploymentPostprocessing = 0;
		};
		3301D4031D4E40F700E74562 /* Sources */ = {
			isa = PBXSourcesBuildPhase;
			buildActionMask = 2147483647;
			files = (
				3301D40C1D4E40F700E74562 /* ioslibsUITests.swift in Sources */,
			);
			runOnlyForDeploymentPostprocessing = 0;
		};
/* End PBXSourcesBuildPhase section */

/* Begin PBXTargetDependency section */
		3301D3FE1D4E40F700E74562 /* PBXTargetDependency */ = {
			isa = PBXTargetDependency;
			target = 3301D3E41D4E40F600E74562 /* ioslibs */;
			targetProxy = 3301D3FD1D4E40F700E74562 /* PBXContainerItemProxy */;
		};
		3301D4091D4E40F700E74562 /* PBXTargetDependency */ = {
			isa = PBXTargetDependency;
			target = 3301D3E41D4E40F600E74562 /* ioslibs */;
			targetProxy = 3301D4081D4E40F700E74562 /* PBXContainerItemProxy */;
		};
/* End PBXTargetDependency section */

/* Begin PBXVariantGroup section */
		3301D3EC1D4E40F600E74562 /* Main.storyboard */ = {
			isa = PBXVariantGroup;
			children = (
				3301D3ED1D4E40F600E74562 /* Base */,
			);
			name = Main.storyboard;
			sourceTree = "<group>";
		};
		3301D3F41D4E40F600E74562 /* LaunchScreen.storyboard */ = {
			isa = PBXVariantGroup;
			children = (
				3301D3F51D4E40F600E74562 /* Base */,
			);
			name = LaunchScreen.storyboard;
			sourceTree = "<group>";
		};
/* End PBXVariantGroup section */

/* Begin XCBuildConfiguration section */
		3301D40E1D4E40F700E74562 /* Debug */ = {
			isa = XCBuildConfiguration;
			buildSettings = {
				ALWAYS_SEARCH_USER_PATHS = NO;
				CLANG_ANALYZER_NONNULL = YES;
				CLANG_CXX_LANGUAGE_STANDARD = "gnu++0x";
				CLANG_CXX_LIBRARY = "libc++";
				CLANG_ENABLE_MODULES = YES;
				CLANG_ENABLE_OBJC_ARC = YES;
				CLANG_WARN_BOOL_CONVERSION = YES;
				CLANG_WARN_CONSTANT_CONVERSION = YES;
				CLANG_WARN_DIRECT_OBJC_ISA_USAGE = YES_ERROR;
				CLANG_WARN_EMPTY_BODY = YES;
				CLANG_WARN_ENUM_CONVERSION = YES;
				CLANG_WARN_INFINITE_RECURSION = YES;
				CLANG_WARN_INT_CONVERSION = YES;
				CLANG_WARN_OBJC_ROOT_CLASS = YES_ERROR;
				CLANG_WARN_SUSPICIOUS_MOVE = YES;
				CLANG_WARN_UNREACHABLE_CODE = YES;
				CLANG_WARN__DUPLICATE_METHOD_MATCH = YES;
				"CODE_SIGN_IDENTITY[sdk=iphoneos*]" = "iPhone Developer";
				COPY_PHASE_STRIP = NO;
				DEBUG_INFORMATION_FORMAT = dwarf;
				ENABLE_STRICT_OBJC_MSGSEND = YES;
				ENABLE_TESTABILITY = YES;
				GCC_C_LANGUAGE_STANDARD = gnu99;
				GCC_DYNAMIC_NO_PIC = NO;
				GCC_NO_COMMON_BLOCKS = YES;
				GCC_OPTIMIZATION_LEVEL = 0;
				GCC_PREPROCESSOR_DEFINITIONS = (
					"DEBUG=1",
					"$(inherited)",
				);
				GCC_WARN_64_TO_32_BIT_CONVERSION = YES;
				GCC_WARN_ABOUT_RETURN_TYPE = YES_ERROR;
				GCC_WARN_UNDECLARED_SELECTOR = YES;
				GCC_WARN_UNINITIALIZED_AUTOS = YES_AGGRESSIVE;
				GCC_WARN_UNUSED_FUNCTION = YES;
				GCC_WARN_UNUSED_VARIABLE = YES;
				IPHONEOS_DEPLOYMENT_TARGET = 9.3;
				MTL_ENABLE_DEBUG_INFO = YES;
				ONLY_ACTIVE_ARCH = YES;
				SDKROOT = iphoneos;
				SWIFT_OPTIMIZATION_LEVEL = "-Onone";
			};
			name = Debug;
		};
		3301D40F1D4E40F700E74562 /* Release */ = {
			isa = XCBuildConfiguration;
			buildSettings = {
				ALWAYS_SEARCH_USER_PATHS = NO;
				CLANG_ANALYZER_NONNULL = YES;
				CLANG_CXX_LANGUAGE_STANDARD = "gnu++0x";
				CLANG_CXX_LIBRARY = "libc++";
				CLANG_ENABLE_MODULES = YES;
				CLANG_ENABLE_OBJC_ARC = YES;
				CLANG_WARN_BOOL_CONVERSION = YES;
				CLANG_WARN_CONSTANT_CONVERSION = YES;
				CLANG_WARN_DIRECT_OBJC_ISA_USAGE = YES_ERROR;
				CLANG_WARN_EMPTY_BODY = YES;
				CLANG_WARN_ENUM_CONVERSION = YES;
				CLANG_WARN_INFINITE_RECURSION = YES;
				CLANG_WARN_INT_CONVERSION = YES;
				CLANG_WARN_OBJC_ROOT_CLASS = YES_ERROR;
				CLANG_WARN_SUSPICIOUS_MOVE = YES;
				CLANG_WARN_UNREACHABLE_CODE = YES;
				CLANG_WARN__DUPLICATE_METHOD_MATCH = YES;
				"CODE_SIGN_IDENTITY[sdk=iphoneos*]" = "iPhone Developer";
				COPY_PHASE_STRIP = NO;
				DEBUG_INFORMATION_FORMAT = "dwarf-with-dsym";
				ENABLE_NS_ASSERTIONS = NO;
				ENABLE_STRICT_OBJC_MSGSEND = YES;
				GCC_C_LANGUAGE_STANDARD = gnu99;
				GCC_NO_COMMON_BLOCKS = YES;
				GCC_WARN_64_TO_32_BIT_CONVERSION = YES;
				GCC_WARN_ABOUT_RETURN_TYPE = YES_ERROR;
				GCC_WARN_UNDECLARED_SELECTOR = YES;
				GCC_WARN_UNINITIALIZED_AUTOS = YES_AGGRESSIVE;
				GCC_WARN_UNUSED_FUNCTION = YES;
				GCC_WARN_UNUSED_VARIABLE = YES;
				IPHONEOS_DEPLOYMENT_TARGET = 9.3;
				MTL_ENABLE_DEBUG_INFO = NO;
				SDKROOT = iphoneos;
				SWIFT_OPTIMIZATION_LEVEL = "-Owholemodule";
				VALIDATE_PRODUCT = YES;
			};
			name = Release;
		};
		3301D4111D4E40F700E74562 /* Debug */ = {
			isa = XCBuildConfiguration;
			buildSettings = {
				ASSETCATALOG_COMPILER_APPICON_NAME = AppIcon;
				DEVELOPMENT_TEAM = TDRR5DBJN7;
				INFOPLIST_FILE = ioslibs/Info.plist;
				LD_RUNPATH_SEARCH_PATHS = "$(inherited) @executable_path/Frameworks";
				PRODUCT_BUNDLE_IDENTIFIER = com.xxing.ioslibs;
				PRODUCT_NAME = "$(TARGET_NAME)";
				SWIFT_VERSION = 3.0;
			};
			name = Debug;
		};
		3301D4121D4E40F700E74562 /* Release */ = {
			isa = XCBuildConfiguration;
			buildSettings = {
				ASSETCATALOG_COMPILER_APPICON_NAME = AppIcon;
				DEVELOPMENT_TEAM = TDRR5DBJN7;
				INFOPLIST_FILE = ioslibs/Info.plist;
				LD_RUNPATH_SEARCH_PATHS = "$(inherited) @executable_path/Frameworks";
				PRODUCT_BUNDLE_IDENTIFIER = com.xxing.ioslibs;
				PRODUCT_NAME = "$(TARGET_NAME)";
				SWIFT_VERSION = 3.0;
			};
			name = Release;
		};
		3301D4141D4E40F700E74562 /* Debug */ = {
			isa = XCBuildConfiguration;
			buildSettings = {
				BUNDLE_LOADER = "$(TEST_HOST)";
				INFOPLIST_FILE = ioslibsTests/Info.plist;
				LD_RUNPATH_SEARCH_PATHS = "$(inherited) @executable_path/Frameworks @loader_path/Frameworks";
				PRODUCT_BUNDLE_IDENTIFIER = com.xxing.ioslibsTests;
				PRODUCT_NAME = "$(TARGET_NAME)";
				SWIFT_VERSION = 3.0;
				TEST_HOST = "$(BUILT_PRODUCTS_DIR)/ioslibs.app/ioslibs";
			};
			name = Debug;
		};
		3301D4151D4E40F700E74562 /* Release */ = {
			isa = XCBuildConfiguration;
			buildSettings = {
				BUNDLE_LOADER = "$(TEST_HOST)";
				INFOPLIST_FILE = ioslibsTests/Info.plist;
				LD_RUNPATH_SEARCH_PATHS = "$(inherited) @executable_path/Frameworks @loader_path/Frameworks";
				PRODUCT_BUNDLE_IDENTIFIER = com.xxing.ioslibsTests;
				PRODUCT_NAME = "$(TARGET_NAME)";
				SWIFT_VERSION = 3.0;
				TEST_HOST = "$(BUILT_PRODUCTS_DIR)/ioslibs.app/ioslibs";
			};
			name = Release;
		};
		3301D4171D4E40F700E74562 /* Debug */ = {
			isa = XCBuildConfiguration;
			buildSettings = {
				INFOPLIST_FILE = ioslibsUITests/Info.plist;
				LD_RUNPATH_SEARCH_PATHS = "$(inherited) @executable_path/Frameworks @loader_path/Frameworks";
				PRODUCT_BUNDLE_IDENTIFIER = com.xxing.ioslibsUITests;
				PRODUCT_NAME = "$(TARGET_NAME)";
				SWIFT_VERSION = 3.0;
				TEST_TARGET_NAME = ioslibs;
			};
			name = Debug;
		};
		3301D4181D4E40F700E74562 /* Release */ = {
			isa = XCBuildConfiguration;
			buildSettings = {
				INFOPLIST_FILE = ioslibsUITests/Info.plist;
				LD_RUNPATH_SEARCH_PATHS = "$(inherited) @executable_path/Frameworks @loader_path/Frameworks";
				PRODUCT_BUNDLE_IDENTIFIER = com.xxing.ioslibsUITests;
				PRODUCT_NAME = "$(TARGET_NAME)";
				SWIFT_VERSION = 3.0;
				TEST_TARGET_NAME = ioslibs;
			};
			name = Release;
		};
/* End XCBuildConfiguration section */

/* Begin XCConfigurationList section */
		3301D3E01D4E40F600E74562 /* Build configuration list for PBXProject "ioslibs" */ = {
			isa = XCConfigurationList;
			buildConfigurations = (
				3301D40E1D4E40F700E74562 /* Debug */,
				3301D40F1D4E40F700E74562 /* Release */,
			);
			defaultConfigurationIsVisible = 0;
			defaultConfigurationName = Release;
		};
		3301D4101D4E40F700E74562 /* Build configuration list for PBXNativeTarget "ioslibs" */ = {
			isa = XCConfigurationList;
			buildConfigurations = (
				3301D4111D4E40F700E74562 /* Debug */,
				3301D4121D4E40F700E74562 /* Release */,
			);
			defaultConfigurationIsVisible = 0;
			defaultConfigurationName = Release;
		};
		3301D4131D4E40F700E74562 /* Build configuration list for PBXNativeTarget "ioslibsTests" */ = {
			isa = XCConfigurationList;
			buildConfigurations = (
				3301D4141D4E40F700E74562 /* Debug */,
				3301D4151D4E40F700E74562 /* Release */,
			);
			defaultConfigurationIsVisible = 0;
			defaultConfigurationName = Release;
		};
		3301D4161D4E40F700E74562 /* Build configuration list for PBXNativeTarget "ioslibsUITests" */ = {
			isa = XCConfigurationList;
			buildConfigurations = (
				3301D4171D4E40F700E74562 /* Debug */,
				3301D4181D4E40F700E74562 /* Release */,
			);
			defaultConfigurationIsVisible = 0;
			defaultConfigurationName = Release;
		};
/* End XCConfigurationList section */

/* Begin XCVersionGroup section */
		3301D3EF1D4E40F600E74562 /* ioslibs.xcdatamodeld */ = {
			isa = XCVersionGroup;
			children = (
				3301D3F01D4E40F600E74562 /* ioslibs.xcdatamodel */,
			);
			currentVersion = 3301D3F01D4E40F600E74562 /* ioslibs.xcdatamodel */;
			path = ioslibs.xcdatamodeld;
			sourceTree = "<group>";
			versionGroupType = wrapper.xcdatamodel;
		};
/* End XCVersionGroup section */
	};
	rootObject = 3301D3DD1D4E40F600E74562 /* Project object */;
}
